// !$*UTF8*$!
{
	archiveVersion = 1;
	classes = {
	};
	objectVersion = 50;
	objects = {

/* Begin PBXBuildFile section */
		57A580F4A3F04D9CFBA77F86 /* Pods_pixel_cityUITests.framework in Frameworks */ = {isa = PBXBuildFile; fileRef = 72D04A00578D4FB44D2AA8A1 /* Pods_pixel_cityUITests.framework */; };
		580FC0B52162A6DE004EC984 /* DroppablePin.swift in Sources */ = {isa = PBXBuildFile; fileRef = 580FC0B42162A6DE004EC984 /* DroppablePin.swift */; };
		580FC0B72162B5B4004EC984 /* PhotoCell.swift in Sources */ = {isa = PBXBuildFile; fileRef = 580FC0B62162B5B4004EC984 /* PhotoCell.swift */; };
		583A43432162894500285210 /* AppDelegate.swift in Sources */ = {isa = PBXBuildFile; fileRef = 583A43422162894500285210 /* AppDelegate.swift */; };
		583A43452162894500285210 /* MapVC.swift in Sources */ = {isa = PBXBuildFile; fileRef = 583A43442162894500285210 /* MapVC.swift */; };
		583A43482162894500285210 /* Main.storyboard in Resources */ = {isa = PBXBuildFile; fileRef = 583A43462162894500285210 /* Main.storyboard */; };
		583A434A2162894800285210 /* Assets.xcassets in Resources */ = {isa = PBXBuildFile; fileRef = 583A43492162894800285210 /* Assets.xcassets */; };
		583A434D2162894800285210 /* LaunchScreen.storyboard in Resources */ = {isa = PBXBuildFile; fileRef = 583A434B2162894800285210 /* LaunchScreen.storyboard */; };
		583A43582162894800285210 /* pixel_cityTests.swift in Sources */ = {isa = PBXBuildFile; fileRef = 583A43572162894800285210 /* pixel_cityTests.swift */; };
		583A43632162894800285210 /* pixel_cityUITests.swift in Sources */ = {isa = PBXBuildFile; fileRef = 583A43622162894800285210 /* pixel_cityUITests.swift */; };
		CCE81690C5DD510F9B4D64E0 /* Pods_pixel_cityTests.framework in Frameworks */ = {isa = PBXBuildFile; fileRef = 684182AE3DC4B44A7624CE15 /* Pods_pixel_cityTests.framework */; };
		EEABFF5DA88D05AB13BD2F2E /* Pods_pixel_city.framework in Frameworks */ = {isa = PBXBuildFile; fileRef = 476383A54BAE5150F434CD4A /* Pods_pixel_city.framework */; };
/* End PBXBuildFile section */

/* Begin PBXContainerItemProxy section */
		583A43542162894800285210 /* PBXContainerItemProxy */ = {
			isa = PBXContainerItemProxy;
			containerPortal = 583A43372162894500285210 /* Project object */;
			proxyType = 1;
			remoteGlobalIDString = 583A433E2162894500285210;
			remoteInfo = "pixel-city";
		};
		583A435F2162894800285210 /* PBXContainerItemProxy */ = {
			isa = PBXContainerItemProxy;
			containerPortal = 583A43372162894500285210 /* Project object */;
			proxyType = 1;
			remoteGlobalIDString = 583A433E2162894500285210;
			remoteInfo = "pixel-city";
		};
/* End PBXContainerItemProxy section */

/* Begin PBXFileReference section */
		476383A54BAE5150F434CD4A /* Pods_pixel_city.framework */ = {isa = PBXFileReference; explicitFileType = wrapper.framework; includeInIndex = 0; path = Pods_pixel_city.framework; sourceTree = BUILT_PRODUCTS_DIR; };
		580FC0B42162A6DE004EC984 /* DroppablePin.swift */ = {isa = PBXFileReference; lastKnownFileType = sourcecode.swift; path = DroppablePin.swift; sourceTree = "<group>"; };
		580FC0B62162B5B4004EC984 /* PhotoCell.swift */ = {isa = PBXFileReference; lastKnownFileType = sourcecode.swift; path = PhotoCell.swift; sourceTree = "<group>"; };
		583A433F2162894500285210 /* pixel-city.app */ = {isa = PBXFileReference; explicitFileType = wrapper.application; includeInIndex = 0; path = "pixel-city.app"; sourceTree = BUILT_PRODUCTS_DIR; };
		583A43422162894500285210 /* AppDelegate.swift */ = {isa = PBXFileReference; lastKnownFileType = sourcecode.swift; path = AppDelegate.swift; sourceTree = "<group>"; };
		583A43442162894500285210 /* MapVC.swift */ = {isa = PBXFileReference; lastKnownFileType = sourcecode.swift; path = MapVC.swift; sourceTree = "<group>"; };
		583A43472162894500285210 /* Base */ = {isa = PBXFileReference; lastKnownFileType = file.storyboard; name = Base; path = Base.lproj/Main.storyboard; sourceTree = "<group>"; };
		583A43492162894800285210 /* Assets.xcassets */ = {isa = PBXFileReference; lastKnownFileType = folder.assetcatalog; path = Assets.xcassets; sourceTree = "<group>"; };
		583A434C2162894800285210 /* Base */ = {isa = PBXFileReference; lastKnownFileType = file.storyboard; name = Base; path = Base.lproj/LaunchScreen.storyboard; sourceTree = "<group>"; };
		583A434E2162894800285210 /* Info.plist */ = {isa = PBXFileReference; lastKnownFileType = text.plist.xml; path = Info.plist; sourceTree = "<group>"; };
		583A43532162894800285210 /* pixel-cityTests.xctest */ = {isa = PBXFileReference; explicitFileType = wrapper.cfbundle; includeInIndex = 0; path = "pixel-cityTests.xctest"; sourceTree = BUILT_PRODUCTS_DIR; };
		583A43572162894800285210 /* pixel_cityTests.swift */ = {isa = PBXFileReference; lastKnownFileType = sourcecode.swift; path = pixel_cityTests.swift; sourceTree = "<group>"; };
		583A43592162894800285210 /* Info.plist */ = {isa = PBXFileReference; lastKnownFileType = text.plist.xml; path = Info.plist; sourceTree = "<group>"; };
		583A435E2162894800285210 /* pixel-cityUITests.xctest */ = {isa = PBXFileReference; explicitFileType = wrapper.cfbundle; includeInIndex = 0; path = "pixel-cityUITests.xctest"; sourceTree = BUILT_PRODUCTS_DIR; };
		583A43622162894800285210 /* pixel_cityUITests.swift */ = {isa = PBXFileReference; lastKnownFileType = sourcecode.swift; path = pixel_cityUITests.swift; sourceTree = "<group>"; };
		583A43642162894800285210 /* Info.plist */ = {isa = PBXFileReference; lastKnownFileType = text.plist.xml; path = Info.plist; sourceTree = "<group>"; };
		60D445207ED39B64057DEFE0 /* Pods-pixel-cityUITests.release.xcconfig */ = {isa = PBXFileReference; includeInIndex = 1; lastKnownFileType = text.xcconfig; name = "Pods-pixel-cityUITests.release.xcconfig"; path = "Pods/Target Support Files/Pods-pixel-cityUITests/Pods-pixel-cityUITests.release.xcconfig"; sourceTree = "<group>"; };
		684182AE3DC4B44A7624CE15 /* Pods_pixel_cityTests.framework */ = {isa = PBXFileReference; explicitFileType = wrapper.framework; includeInIndex = 0; path = Pods_pixel_cityTests.framework; sourceTree = BUILT_PRODUCTS_DIR; };
		72D04A00578D4FB44D2AA8A1 /* Pods_pixel_cityUITests.framework */ = {isa = PBXFileReference; explicitFileType = wrapper.framework; includeInIndex = 0; path = Pods_pixel_cityUITests.framework; sourceTree = BUILT_PRODUCTS_DIR; };
		7C824B47A776A10F7C14E073 /* Pods-pixel-cityTests.debug.xcconfig */ = {isa = PBXFileReference; includeInIndex = 1; lastKnownFileType = text.xcconfig; name = "Pods-pixel-cityTests.debug.xcconfig"; path = "Pods/Target Support Files/Pods-pixel-cityTests/Pods-pixel-cityTests.debug.xcconfig"; sourceTree = "<group>"; };
		8559C6473A046A1E88727183 /* Pods-pixel-city.release.xcconfig */ = {isa = PBXFileReference; includeInIndex = 1; lastKnownFileType = text.xcconfig; name = "Pods-pixel-city.release.xcconfig"; path = "Pods/Target Support Files/Pods-pixel-city/Pods-pixel-city.release.xcconfig"; sourceTree = "<group>"; };
		A4D364855938A9CBCF8E2E42 /* Pods-pixel-city.debug.xcconfig */ = {isa = PBXFileReference; includeInIndex = 1; lastKnownFileType = text.xcconfig; name = "Pods-pixel-city.debug.xcconfig"; path = "Pods/Target Support Files/Pods-pixel-city/Pods-pixel-city.debug.xcconfig"; sourceTree = "<group>"; };
		D8D4741CE99F775C398A2BF0 /* Pods-pixel-cityTests.release.xcconfig */ = {isa = PBXFileReference; includeInIndex = 1; lastKnownFileType = text.xcconfig; name = "Pods-pixel-cityTests.release.xcconfig"; path = "Pods/Target Support Files/Pods-pixel-cityTests/Pods-pixel-cityTests.release.xcconfig"; sourceTree = "<group>"; };
		F1158DB6380B0FC7BC46B0C8 /* Pods-pixel-cityUITests.debug.xcconfig */ = {isa = PBXFileReference; includeInIndex = 1; lastKnownFileType = text.xcconfig; name = "Pods-pixel-cityUITests.debug.xcconfig"; path = "Pods/Target Support Files/Pods-pixel-cityUITests/Pods-pixel-cityUITests.debug.xcconfig"; sourceTree = "<group>"; };
/* End PBXFileReference section */

/* Begin PBXFrameworksBuildPhase section */
		583A433C2162894500285210 /* Frameworks */ = {
			isa = PBXFrameworksBuildPhase;
			buildActionMask = 2147483647;
			files = (
				EEABFF5DA88D05AB13BD2F2E /* Pods_pixel_city.framework in Frameworks */,
			);
			runOnlyForDeploymentPostprocessing = 0;
		};
		583A43502162894800285210 /* Frameworks */ = {
			isa = PBXFrameworksBuildPhase;
			buildActionMask = 2147483647;
			files = (
				CCE81690C5DD510F9B4D64E0 /* Pods_pixel_cityTests.framework in Frameworks */,
			);
			runOnlyForDeploymentPostprocessing = 0;
		};
		583A435B2162894800285210 /* Frameworks */ = {
			isa = PBXFrameworksBuildPhase;
			buildActionMask = 2147483647;
			files = (
				57A580F4A3F04D9CFBA77F86 /* Pods_pixel_cityUITests.framework in Frameworks */,
			);
			runOnlyForDeploymentPostprocessing = 0;
		};
/* End PBXFrameworksBuildPhase section */

/* Begin PBXGroup section */
		31090A650D2ACCB0056BF380 /* Pods */ = {
			isa = PBXGroup;
			children = (
				A4D364855938A9CBCF8E2E42 /* Pods-pixel-city.debug.xcconfig */,
				8559C6473A046A1E88727183 /* Pods-pixel-city.release.xcconfig */,
				7C824B47A776A10F7C14E073 /* Pods-pixel-cityTests.debug.xcconfig */,
				D8D4741CE99F775C398A2BF0 /* Pods-pixel-cityTests.release.xcconfig */,
				F1158DB6380B0FC7BC46B0C8 /* Pods-pixel-cityUITests.debug.xcconfig */,
				60D445207ED39B64057DEFE0 /* Pods-pixel-cityUITests.release.xcconfig */,
			);
			name = Pods;
			sourceTree = "<group>";
		};
		583A43362162894500285210 = {
			isa = PBXGroup;
			children = (
				583A43412162894500285210 /* pixel-city */,
				583A43562162894800285210 /* pixel-cityTests */,
				583A43612162894800285210 /* pixel-cityUITests */,
				583A43402162894500285210 /* Products */,
				31090A650D2ACCB0056BF380 /* Pods */,
				D221689A786968F6E5BB8927 /* Frameworks */,
			);
			sourceTree = "<group>";
		};
		583A43402162894500285210 /* Products */ = {
			isa = PBXGroup;
			children = (
				583A433F2162894500285210 /* pixel-city.app */,
				583A43532162894800285210 /* pixel-cityTests.xctest */,
				583A435E2162894800285210 /* pixel-cityUITests.xctest */,
			);
			name = Products;
			sourceTree = "<group>";
		};
		583A43412162894500285210 /* pixel-city */ = {
			isa = PBXGroup;
			children = (
				583A43732162898900285210 /* Utilities */,
				583A43722162897900285210 /* Extensions */,
				583A43712162896F00285210 /* Views */,
				583A43702162896000285210 /* Controller */,
				583A43422162894500285210 /* AppDelegate.swift */,
				583A43462162894500285210 /* Main.storyboard */,
				583A43492162894800285210 /* Assets.xcassets */,
				583A434B2162894800285210 /* LaunchScreen.storyboard */,
				583A434E2162894800285210 /* Info.plist */,
			);
			path = "pixel-city";
			sourceTree = "<group>";
		};
		583A43562162894800285210 /* pixel-cityTests */ = {
			isa = PBXGroup;
			children = (
				583A43572162894800285210 /* pixel_cityTests.swift */,
				583A43592162894800285210 /* Info.plist */,
			);
			path = "pixel-cityTests";
			sourceTree = "<group>";
		};
		583A43612162894800285210 /* pixel-cityUITests */ = {
			isa = PBXGroup;
			children = (
				583A43622162894800285210 /* pixel_cityUITests.swift */,
				583A43642162894800285210 /* Info.plist */,
			);
			path = "pixel-cityUITests";
			sourceTree = "<group>";
		};
		583A43702162896000285210 /* Controller */ = {
			isa = PBXGroup;
			children = (
				583A43442162894500285210 /* MapVC.swift */,
			);
			path = Controller;
			sourceTree = "<group>";
		};
		583A43712162896F00285210 /* Views */ = {
			isa = PBXGroup;
			children = (
				580FC0B42162A6DE004EC984 /* DroppablePin.swift */,
				580FC0B62162B5B4004EC984 /* PhotoCell.swift */,
			);
			path = Views;
			sourceTree = "<group>";
		};
		583A43722162897900285210 /* Extensions */ = {
			isa = PBXGroup;
			children = (
			);
			path = Extensions;
			sourceTree = "<group>";
		};
		583A43732162898900285210 /* Utilities */ = {
			isa = PBXGroup;
			children = (
			);
			path = Utilities;
			sourceTree = "<group>";
		};
		D221689A786968F6E5BB8927 /* Frameworks */ = {
			isa = PBXGroup;
			children = (
				476383A54BAE5150F434CD4A /* Pods_pixel_city.framework */,
				684182AE3DC4B44A7624CE15 /* Pods_pixel_cityTests.framework */,
				72D04A00578D4FB44D2AA8A1 /* Pods_pixel_cityUITests.framework */,
			);
			name = Frameworks;
			sourceTree = "<group>";
		};
/* End PBXGroup section */

/* Begin PBXNativeTarget section */
		583A433E2162894500285210 /* pixel-city */ = {
			isa = PBXNativeTarget;
			buildConfigurationList = 583A43672162894800285210 /* Build configuration list for PBXNativeTarget "pixel-city" */;
			buildPhases = (
				B3067700D70DE49950974341 /* [CP] Check Pods Manifest.lock */,
				583A433B2162894500285210 /* Sources */,
				583A433C2162894500285210 /* Frameworks */,
				583A433D2162894500285210 /* Resources */,
				818B4CC83EA3B404FB1F7E76 /* [CP] Embed Pods Frameworks */,
			);
			buildRules = (
			);
			dependencies = (
			);
			name = "pixel-city";
			productName = "pixel-city";
			productReference = 583A433F2162894500285210 /* pixel-city.app */;
			productType = "com.apple.product-type.application";
		};
		583A43522162894800285210 /* pixel-cityTests */ = {
			isa = PBXNativeTarget;
			buildConfigurationList = 583A436A2162894800285210 /* Build configuration list for PBXNativeTarget "pixel-cityTests" */;
			buildPhases = (
				20A45B5656C15912E837FAB8 /* [CP] Check Pods Manifest.lock */,
				583A434F2162894800285210 /* Sources */,
				583A43502162894800285210 /* Frameworks */,
				583A43512162894800285210 /* Resources */,
			);
			buildRules = (
			);
			dependencies = (
				583A43552162894800285210 /* PBXTargetDependency */,
			);
			name = "pixel-cityTests";
			productName = "pixel-cityTests";
			productReference = 583A43532162894800285210 /* pixel-cityTests.xctest */;
			productType = "com.apple.product-type.bundle.unit-test";
		};
		583A435D2162894800285210 /* pixel-cityUITests */ = {
			isa = PBXNativeTarget;
			buildConfigurationList = 583A436D2162894800285210 /* Build configuration list for PBXNativeTarget "pixel-cityUITests" */;
			buildPhases = (
				5A2216DDD170859D38472285 /* [CP] Check Pods Manifest.lock */,
				583A435A2162894800285210 /* Sources */,
				583A435B2162894800285210 /* Frameworks */,
				583A435C2162894800285210 /* Resources */,
			);
			buildRules = (
			);
			dependencies = (
				583A43602162894800285210 /* PBXTargetDependency */,
			);
			name = "pixel-cityUITests";
			productName = "pixel-cityUITests";
			productReference = 583A435E2162894800285210 /* pixel-cityUITests.xctest */;
			productType = "com.apple.product-type.bundle.ui-testing";
		};
/* End PBXNativeTarget section */

/* Begin PBXProject section */
		583A43372162894500285210 /* Project object */ = {
			isa = PBXProject;
			attributes = {
				LastSwiftUpdateCheck = 1000;
				LastUpgradeCheck = 1000;
				ORGANIZATIONNAME = "Yash Ganorkar";
				TargetAttributes = {
					583A433E2162894500285210 = {
						CreatedOnToolsVersion = 10.0;
					};
					583A43522162894800285210 = {
						CreatedOnToolsVersion = 10.0;
						TestTargetID = 583A433E2162894500285210;
					};
					583A435D2162894800285210 = {
						CreatedOnToolsVersion = 10.0;
						TestTargetID = 583A433E2162894500285210;
					};
				};
			};
			buildConfigurationList = 583A433A2162894500285210 /* Build configuration list for PBXProject "pixel-city" */;
			compatibilityVersion = "Xcode 9.3";
			developmentRegion = en;
			hasScannedForEncodings = 0;
			knownRegions = (
				en,
				Base,
			);
			mainGroup = 583A43362162894500285210;
			productRefGroup = 583A43402162894500285210 /* Products */;
			projectDirPath = "";
			projectRoot = "";
			targets = (
				583A433E2162894500285210 /* pixel-city */,
				583A43522162894800285210 /* pixel-cityTests */,
				583A435D2162894800285210 /* pixel-cityUITests */,
			);
		};
/* End PBXProject section */

/* Begin PBXResourcesBuildPhase section */
		583A433D2162894500285210 /* Resources */ = {
			isa = PBXResourcesBuildPhase;
			buildActionMask = 2147483647;
			files = (
				583A434D2162894800285210 /* LaunchScreen.storyboard in Resources */,
				583A434A2162894800285210 /* Assets.xcassets in Resources */,
				583A43482162894500285210 /* Main.storyboard in Resources */,
			);
			runOnlyForDeploymentPostprocessing = 0;
		};
		583A43512162894800285210 /* Resources */ = {
			isa = PBXResourcesBuildPhase;
			buildActionMask = 2147483647;
			files = (
			);
			runOnlyForDeploymentPostprocessing = 0;
		};
		583A435C2162894800285210 /* Resources */ = {
			isa = PBXResourcesBuildPhase;
			buildActionMask = 2147483647;
			files = (
			);
			runOnlyForDeploymentPostprocessing = 0;
		};
/* End PBXResourcesBuildPhase section */

/* Begin PBXShellScriptBuildPhase section */
		20A45B5656C15912E837FAB8 /* [CP] Check Pods Manifest.lock */ = {
			isa = PBXShellScriptBuildPhase;
			buildActionMask = 2147483647;
			files = (
			);
			inputFileListPaths = (
			);
			inputPaths = (
				"${PODS_PODFILE_DIR_PATH}/Podfile.lock",
				"${PODS_ROOT}/Manifest.lock",
			);
			name = "[CP] Check Pods Manifest.lock";
			outputFileListPaths = (
			);
			outputPaths = (
				"$(DERIVED_FILE_DIR)/Pods-pixel-cityTests-checkManifestLockResult.txt",
			);
			runOnlyForDeploymentPostprocessing = 0;
			shellPath = /bin/sh;
			shellScript = "diff \"${PODS_PODFILE_DIR_PATH}/Podfile.lock\" \"${PODS_ROOT}/Manifest.lock\" > /dev/null\nif [ $? != 0 ] ; then\n    # print error to STDERR\n    echo \"error: The sandbox is not in sync with the Podfile.lock. Run 'pod install' or update your CocoaPods installation.\" >&2\n    exit 1\nfi\n# This output is used by Xcode 'outputs' to avoid re-running this script phase.\necho \"SUCCESS\" > \"${SCRIPT_OUTPUT_FILE_0}\"\n";
			showEnvVarsInLog = 0;
		};
		5A2216DDD170859D38472285 /* [CP] Check Pods Manifest.lock */ = {
			isa = PBXShellScriptBuildPhase;
			buildActionMask = 2147483647;
			files = (
			);
			inputFileListPaths = (
			);
			inputPaths = (
				"${PODS_PODFILE_DIR_PATH}/Podfile.lock",
				"${PODS_ROOT}/Manifest.lock",
			);
			name = "[CP] Check Pods Manifest.lock";
			outputFileListPaths = (
			);
			outputPaths = (
				"$(DERIVED_FILE_DIR)/Pods-pixel-cityUITests-checkManifestLockResult.txt",
			);
			runOnlyForDeploymentPostprocessing = 0;
			shellPath = /bin/sh;
			shellScript = "diff \"${PODS_PODFILE_DIR_PATH}/Podfile.lock\" \"${PODS_ROOT}/Manifest.lock\" > /dev/null\nif [ $? != 0 ] ; then\n    # print error to STDERR\n    echo \"error: The sandbox is not in sync with the Podfile.lock. Run 'pod install' or update your CocoaPods installation.\" >&2\n    exit 1\nfi\n# This output is used by Xcode 'outputs' to avoid re-running this script phase.\necho \"SUCCESS\" > \"${SCRIPT_OUTPUT_FILE_0}\"\n";
			showEnvVarsInLog = 0;
		};
		818B4CC83EA3B404FB1F7E76 /* [CP] Embed Pods Frameworks */ = {
			isa = PBXShellScriptBuildPhase;
			buildActionMask = 2147483647;
			files = (
			);
			inputFileListPaths = (
			);
			inputPaths = (
				"${SRCROOT}/Pods/Target Support Files/Pods-pixel-city/Pods-pixel-city-frameworks.sh",
				"${BUILT_PRODUCTS_DIR}/Alamofire/Alamofire.framework",
				"${BUILT_PRODUCTS_DIR}/AlamofireImage/AlamofireImage.framework",
			);
			name = "[CP] Embed Pods Frameworks";
			outputFileListPaths = (
			);
			outputPaths = (
				"${TARGET_BUILD_DIR}/${FRAMEWORKS_FOLDER_PATH}/Alamofire.framework",
				"${TARGET_BUILD_DIR}/${FRAMEWORKS_FOLDER_PATH}/AlamofireImage.framework",
			);
			runOnlyForDeploymentPostprocessing = 0;
			shellPath = /bin/sh;
			shellScript = "\"${SRCROOT}/Pods/Target Support Files/Pods-pixel-city/Pods-pixel-city-frameworks.sh\"\n";
			showEnvVarsInLog = 0;
		};
		B3067700D70DE49950974341 /* [CP] Check Pods Manifest.lock */ = {
			isa = PBXShellScriptBuildPhase;
			buildActionMask = 2147483647;
			files = (
			);
			inputFileListPaths = (
			);
			inputPaths = (
				"${PODS_PODFILE_DIR_PATH}/Podfile.lock",
				"${PODS_ROOT}/Manifest.lock",
			);
			name = "[CP] Check Pods Manifest.lock";
			outputFileListPaths = (
			);
			outputPaths = (
				"$(DERIVED_FILE_DIR)/Pods-pixel-city-checkManifestLockResult.txt",
			);
			runOnlyForDeploymentPostprocessing = 0;
			shellPath = /bin/sh;
			shellScript = "diff \"${PODS_PODFILE_DIR_PATH}/Podfile.lock\" \"${PODS_ROOT}/Manifest.lock\" > /dev/null\nif [ $? != 0 ] ; then\n    # print error to STDERR\n    echo \"error: The sandbox is not in sync with the Podfile.lock. Run 'pod install' or update your CocoaPods installation.\" >&2\n    exit 1\nfi\n# This output is used by Xcode 'outputs' to avoid re-running this script phase.\necho \"SUCCESS\" > \"${SCRIPT_OUTPUT_FILE_0}\"\n";
			showEnvVarsInLog = 0;
		};
/* End PBXShellScriptBuildPhase section */

/* Begin PBXSourcesBuildPhase section */
		583A433B2162894500285210 /* Sources */ = {
			isa = PBXSourcesBuildPhase;
			buildActionMask = 2147483647;
			files = (
				580FC0B72162B5B4004EC984 /* PhotoCell.swift in Sources */,
				583A43452162894500285210 /* MapVC.swift in Sources */,
				580FC0B52162A6DE004EC984 /* DroppablePin.swift in Sources */,
				583A43432162894500285210 /* AppDelegate.swift in Sources */,
			);
			runOnlyForDeploymentPostprocessing = 0;
		};
		583A434F2162894800285210 /* Sources */ = {
			isa = PBXSourcesBuildPhase;
			buildActionMask = 2147483647;
			files = (
				583A43582162894800285210 /* pixel_cityTests.swift in Sources */,
			);
			runOnlyForDeploymentPostprocessing = 0;
		};
		583A435A2162894800285210 /* Sources */ = {
			isa = PBXSourcesBuildPhase;
			buildActionMask = 2147483647;
			files = (
				583A43632162894800285210 /* pixel_cityUITests.swift in Sources */,
			);
			runOnlyForDeploymentPostprocessing = 0;
		};
/* End PBXSourcesBuildPhase section */

/* Begin PBXTargetDependency section */
		583A43552162894800285210 /* PBXTargetDependency */ = {
			isa = PBXTargetDependency;
			target = 583A433E2162894500285210 /* pixel-city */;
			targetProxy = 583A43542162894800285210 /* PBXContainerItemProxy */;
		};
		583A43602162894800285210 /* PBXTargetDependency */ = {
			isa = PBXTargetDependency;
			target = 583A433E2162894500285210 /* pixel-city */;
			targetProxy = 583A435F2162894800285210 /* PBXContainerItemProxy */;
		};
/* End PBXTargetDependency section */

/* Begin PBXVariantGroup section */
		583A43462162894500285210 /* Main.storyboard */ = {
			isa = PBXVariantGroup;
			children = (
				583A43472162894500285210 /* Base */,
			);
			name = Main.storyboard;
			sourceTree = "<group>";
		};
		583A434B2162894800285210 /* LaunchScreen.storyboard */ = {
			isa = PBXVariantGroup;
			children = (
				583A434C2162894800285210 /* Base */,
			);
			name = LaunchScreen.storyboard;
			sourceTree = "<group>";
		};
/* End PBXVariantGroup section */

/* Begin XCBuildConfiguration section */
		583A43652162894800285210 /* Debug */ = {
			isa = XCBuildConfiguration;
			buildSettings = {
				ALWAYS_SEARCH_USER_PATHS = NO;
				CLANG_ANALYZER_NONNULL = YES;
				CLANG_ANALYZER_NUMBER_OBJECT_CONVERSION = YES_AGGRESSIVE;
				CLANG_CXX_LANGUAGE_STANDARD = "gnu++14";
				CLANG_CXX_LIBRARY = "libc++";
				CLANG_ENABLE_MODULES = YES;
				CLANG_ENABLE_OBJC_ARC = YES;
				CLANG_ENABLE_OBJC_WEAK = YES;
				CLANG_WARN_BLOCK_CAPTURE_AUTORELEASING = YES;
				CLANG_WARN_BOOL_CONVERSION = YES;
				CLANG_WARN_COMMA = YES;
				CLANG_WARN_CONSTANT_CONVERSION = YES;
				CLANG_WARN_DEPRECATED_OBJC_IMPLEMENTATIONS = YES;
				CLANG_WARN_DIRECT_OBJC_ISA_USAGE = YES_ERROR;
				CLANG_WARN_DOCUMENTATION_COMMENTS = YES;
				CLANG_WARN_EMPTY_BODY = YES;
				CLANG_WARN_ENUM_CONVERSION = YES;
				CLANG_WARN_INFINITE_RECURSION = YES;
				CLANG_WARN_INT_CONVERSION = YES;
				CLANG_WARN_NON_LITERAL_NULL_CONVERSION = YES;
				CLANG_WARN_OBJC_IMPLICIT_RETAIN_SELF = YES;
				CLANG_WARN_OBJC_LITERAL_CONVERSION = YES;
				CLANG_WARN_OBJC_ROOT_CLASS = YES_ERROR;
				CLANG_WARN_RANGE_LOOP_ANALYSIS = YES;
				CLANG_WARN_STRICT_PROTOTYPES = YES;
				CLANG_WARN_SUSPICIOUS_MOVE = YES;
				CLANG_WARN_UNGUARDED_AVAILABILITY = YES_AGGRESSIVE;
				CLANG_WARN_UNREACHABLE_CODE = YES;
				CLANG_WARN__DUPLICATE_METHOD_MATCH = YES;
				CODE_SIGN_IDENTITY = "iPhone Developer";
				COPY_PHASE_STRIP = NO;
				DEBUG_INFORMATION_FORMAT = dwarf;
				ENABLE_STRICT_OBJC_MSGSEND = YES;
				ENABLE_TESTABILITY = YES;
				GCC_C_LANGUAGE_STANDARD = gnu11;
				GCC_DYNAMIC_NO_PIC = NO;
				GCC_NO_COMMON_BLOCKS = YES;
				GCC_OPTIMIZATION_LEVEL = 0;
				GCC_PREPROCESSOR_DEFINITIONS = (
					"DEBUG=1",
					"$(inherited)",
				);
				GCC_WARN_64_TO_32_BIT_CONVERSION = YES;
				GCC_WARN_ABOUT_RETURN_TYPE = YES_ERROR;
				GCC_WARN_UNDECLARED_SELECTOR = YES;
				GCC_WARN_UNINITIALIZED_AUTOS = YES_AGGRESSIVE;
				GCC_WARN_UNUSED_FUNCTION = YES;
				GCC_WARN_UNUSED_VARIABLE = YES;
				IPHONEOS_DEPLOYMENT_TARGET = 12.0;
				MTL_ENABLE_DEBUG_INFO = INCLUDE_SOURCE;
				MTL_FAST_MATH = YES;
				ONLY_ACTIVE_ARCH = YES;
				SDKROOT = iphoneos;
				SWIFT_ACTIVE_COMPILATION_CONDITIONS = DEBUG;
				SWIFT_OPTIMIZATION_LEVEL = "-Onone";
			};
			name = Debug;
		};
		583A43662162894800285210 /* Release */ = {
			isa = XCBuildConfiguration;
			buildSettings = {
				ALWAYS_SEARCH_USER_PATHS = NO;
				CLANG_ANALYZER_NONNULL = YES;
				CLANG_ANALYZER_NUMBER_OBJECT_CONVERSION = YES_AGGRESSIVE;
				CLANG_CXX_LANGUAGE_STANDARD = "gnu++14";
				CLANG_CXX_LIBRARY = "libc++";
				CLANG_ENABLE_MODULES = YES;
				CLANG_ENABLE_OBJC_ARC = YES;
				CLANG_ENABLE_OBJC_WEAK = YES;
				CLANG_WARN_BLOCK_CAPTURE_AUTORELEASING = YES;
				CLANG_WARN_BOOL_CONVERSION = YES;
				CLANG_WARN_COMMA = YES;
				CLANG_WARN_CONSTANT_CONVERSION = YES;
				CLANG_WARN_DEPRECATED_OBJC_IMPLEMENTATIONS = YES;
				CLANG_WARN_DIRECT_OBJC_ISA_USAGE = YES_ERROR;
				CLANG_WARN_DOCUMENTATION_COMMENTS = YES;
				CLANG_WARN_EMPTY_BODY = YES;
				CLANG_WARN_ENUM_CONVERSION = YES;
				CLANG_WARN_INFINITE_RECURSION = YES;
				CLANG_WARN_INT_CONVERSION = YES;
				CLANG_WARN_NON_LITERAL_NULL_CONVERSION = YES;
				CLANG_WARN_OBJC_IMPLICIT_RETAIN_SELF = YES;
				CLANG_WARN_OBJC_LITERAL_CONVERSION = YES;
				CLANG_WARN_OBJC_ROOT_CLASS = YES_ERROR;
				CLANG_WARN_RANGE_LOOP_ANALYSIS = YES;
				CLANG_WARN_STRICT_PROTOTYPES = YES;
				CLANG_WARN_SUSPICIOUS_MOVE = YES;
				CLANG_WARN_UNGUARDED_AVAILABILITY = YES_AGGRESSIVE;
				CLANG_WARN_UNREACHABLE_CODE = YES;
				CLANG_WARN__DUPLICATE_METHOD_MATCH = YES;
				CODE_SIGN_IDENTITY = "iPhone Developer";
				COPY_PHASE_STRIP = NO;
				DEBUG_INFORMATION_FORMAT = "dwarf-with-dsym";
				ENABLE_NS_ASSERTIONS = NO;
				ENABLE_STRICT_OBJC_MSGSEND = YES;
				GCC_C_LANGUAGE_STANDARD = gnu11;
				GCC_NO_COMMON_BLOCKS = YES;
				GCC_WARN_64_TO_32_BIT_CONVERSION = YES;
				GCC_WARN_ABOUT_RETURN_TYPE = YES_ERROR;
				GCC_WARN_UNDECLARED_SELECTOR = YES;
				GCC_WARN_UNINITIALIZED_AUTOS = YES_AGGRESSIVE;
				GCC_WARN_UNUSED_FUNCTION = YES;
				GCC_WARN_UNUSED_VARIABLE = YES;
				IPHONEOS_DEPLOYMENT_TARGET = 12.0;
				MTL_ENABLE_DEBUG_INFO = NO;
				MTL_FAST_MATH = YES;
				SDKROOT = iphoneos;
				SWIFT_COMPILATION_MODE = wholemodule;
				SWIFT_OPTIMIZATION_LEVEL = "-O";
				VALIDATE_PRODUCT = YES;
			};
			name = Release;
		};
		583A43682162894800285210 /* Debug */ = {
			isa = XCBuildConfiguration;
			baseConfigurationReference = A4D364855938A9CBCF8E2E42 /* Pods-pixel-city.debug.xcconfig */;
			buildSettings = {
				ASSETCATALOG_COMPILER_APPICON_NAME = AppIcon;
				CODE_SIGN_STYLE = Automatic;
				DEVELOPMENT_TEAM = 55HT2TPY98;
				INFOPLIST_FILE = "pixel-city/Info.plist";
				LD_RUNPATH_SEARCH_PATHS = (
					"$(inherited)",
					"@executable_path/Frameworks",
				);
				PRODUCT_BUNDLE_IDENTIFIER = "com.yashganorkar.pixel-city";
				PRODUCT_NAME = "$(TARGET_NAME)";
				SWIFT_VERSION = 4.2;
				TARGETED_DEVICE_FAMILY = "1,2";
			};
			name = Debug;
		};
		583A43692162894800285210 /* Release */ = {
			isa = XCBuildConfiguration;
			baseConfigurationReference = 8559C6473A046A1E88727183 /* Pods-pixel-city.release.xcconfig */;
			buildSettings = {
				ASSETCATALOG_COMPILER_APPICON_NAME = AppIcon;
				CODE_SIGN_STYLE = Automatic;
				DEVELOPMENT_TEAM = 55HT2TPY98;
				INFOPLIST_FILE = "pixel-city/Info.plist";
				LD_RUNPATH_SEARCH_PATHS = (
					"$(inherited)",
					"@executable_path/Frameworks",
				);
				PRODUCT_BUNDLE_IDENTIFIER = "com.yashganorkar.pixel-city";
				PRODUCT_NAME = "$(TARGET_NAME)";
				SWIFT_VERSION = 4.2;
				TARGETED_DEVICE_FAMILY = "1,2";
			};
			name = Release;
		};
		583A436B2162894800285210 /* Debug */ = {
			isa = XCBuildConfiguration;
			baseConfigurationReference = 7C824B47A776A10F7C14E073 /* Pods-pixel-cityTests.debug.xcconfig */;
			buildSettings = {
				ALWAYS_EMBED_SWIFT_STANDARD_LIBRARIES = YES;
				BUNDLE_LOADER = "$(TEST_HOST)";
				CODE_SIGN_STYLE = Automatic;
				DEVELOPMENT_TEAM = 55HT2TPY98;
				INFOPLIST_FILE = "pixel-cityTests/Info.plist";
				LD_RUNPATH_SEARCH_PATHS = (
					"$(inherited)",
					"@executable_path/Frameworks",
					"@loader_path/Frameworks",
				);
				PRODUCT_BUNDLE_IDENTIFIER = "com.yashganorkar.pixel-cityTests";
				PRODUCT_NAME = "$(TARGET_NAME)";
				SWIFT_VERSION = 4.2;
				TARGETED_DEVICE_FAMILY = "1,2";
				TEST_HOST = "$(BUILT_PRODUCTS_DIR)/pixel-city.app/pixel-city";
			};
			name = Debug;
		};
		583A436C2162894800285210 /* Release */ = {
			isa = XCBuildConfiguration;
			baseConfigurationReference = D8D4741CE99F775C398A2BF0 /* Pods-pixel-cityTests.release.xcconfig */;
			buildSettings = {
				ALWAYS_EMBED_SWIFT_STANDARD_LIBRARIES = YES;
				BUNDLE_LOADER = "$(TEST_HOST)";
				CODE_SIGN_STYLE = Automatic;
				DEVELOPMENT_TEAM = 55HT2TPY98;
				INFOPLIST_FILE = "pixel-cityTests/Info.plist";
				LD_RUNPATH_SEARCH_PATHS = (
					"$(inherited)",
					"@executable_path/Frameworks",
					"@loader_path/Frameworks",
				);
				PRODUCT_BUNDLE_IDENTIFIER = "com.yashganorkar.pixel-cityTests";
				PRODUCT_NAME = "$(TARGET_NAME)";
				SWIFT_VERSION = 4.2;
				TARGETED_DEVICE_FAMILY = "1,2";
				TEST_HOST = "$(BUILT_PRODUCTS_DIR)/pixel-city.app/pixel-city";
			};
			name = Release;
		};
		583A436E2162894800285210 /* Debug */ = {
			isa = XCBuildConfiguration;
			baseConfigurationReference = F1158DB6380B0FC7BC46B0C8 /* Pods-pixel-cityUITests.debug.xcconfig */;
			buildSettings = {
				ALWAYS_EMBED_SWIFT_STANDARD_LIBRARIES = YES;
				CODE_SIGN_STYLE = Automatic;
				DEVELOPMENT_TEAM = 55HT2TPY98;
				INFOPLIST_FILE = "pixel-cityUITests/Info.plist";
				LD_RUNPATH_SEARCH_PATHS = (
					"$(inherited)",
					"@executable_path/Frameworks",
					"@loader_path/Frameworks",
				);
				PRODUCT_BUNDLE_IDENTIFIER = "com.yashganorkar.pixel-cityUITests";
				PRODUCT_NAME = "$(TARGET_NAME)";
				SWIFT_VERSION = 4.2;
				TARGETED_DEVICE_FAMILY = "1,2";
				TEST_TARGET_NAME = "pixel-city";
			};
			name = Debug;
		};
		583A436F2162894800285210 /* Release */ = {
			isa = XCBuildConfiguration;
			baseConfigurationReference = 60D445207ED39B64057DEFE0 /* Pods-pixel-cityUITests.release.xcconfig */;
			buildSettings = {
				ALWAYS_EMBED_SWIFT_STANDARD_LIBRARIES = YES;
				CODE_SIGN_STYLE = Automatic;
				DEVELOPMENT_TEAM = 55HT2TPY98;
				INFOPLIST_FILE = "pixel-cityUITests/Info.plist";
				LD_RUNPATH_SEARCH_PATHS = (
					"$(inherited)",
					"@executable_path/Frameworks",
					"@loader_path/Frameworks",
				);
				PRODUCT_BUNDLE_IDENTIFIER = "com.yashganorkar.pixel-cityUITests";
				PRODUCT_NAME = "$(TARGET_NAME)";
				SWIFT_VERSION = 4.2;
				TARGETED_DEVICE_FAMILY = "1,2";
				TEST_TARGET_NAME = "pixel-city";
			};
			name = Release;
		};
/* End XCBuildConfiguration section */

/* Begin XCConfigurationList section */
		583A433A2162894500285210 /* Build configuration list for PBXProject "pixel-city" */ = {
			isa = XCConfigurationList;
			buildConfigurations = (
				583A43652162894800285210 /* Debug */,
				583A43662162894800285210 /* Release */,
			);
			defaultConfigurationIsVisible = 0;
			defaultConfigurationName = Release;
		};
		583A43672162894800285210 /* Build configuration list for PBXNativeTarget "pixel-city" */ = {
			isa = XCConfigurationList;
			buildConfigurations = (
				583A43682162894800285210 /* Debug */,
				583A43692162894800285210 /* Release */,
			);
			defaultConfigurationIsVisible = 0;
			defaultConfigurationName = Release;
		};
		583A436A2162894800285210 /* Build configuration list for PBXNativeTarget "pixel-cityTests" */ = {
			isa = XCConfigurationList;
			buildConfigurations = (
				583A436B2162894800285210 /* Debug */,
				583A436C2162894800285210 /* Release */,
			);
			defaultConfigurationIsVisible = 0;
			defaultConfigurationName = Release;
		};
		583A436D2162894800285210 /* Build configuration list for PBXNativeTarget "pixel-cityUITests" */ = {
			isa = XCConfigurationList;
			buildConfigurations = (
				583A436E2162894800285210 /* Debug */,
				583A436F2162894800285210 /* Release */,
			);
			defaultConfigurationIsVisible = 0;
			defaultConfigurationName = Release;
		};
/* End XCConfigurationList section */
	};
	rootObject = 583A43372162894500285210 /* Project object */;
}
